<?xml version="1.0" encoding="utf-8"?>
<Project ToolsVersion="4.0" xmlns="http://schemas.microsoft.com/developer/msbuild/2003">
  <ItemGroup>
    <Filter Include="Entity">
      <UniqueIdentifier>{3dee74be-a24a-4501-b4b6-198050fe1101}</UniqueIdentifier>
    </Filter>
    <Filter Include="Entity\Character">
      <UniqueIdentifier>{dc4c32a5-41a7-49fe-8572-aa2e7aadb91f}</UniqueIdentifier>
    </Filter>
    <Filter Include="Entity\Item">
      <UniqueIdentifier>{abe190f1-2ca1-4c4c-aafc-0b003602b506}</UniqueIdentifier>
    </Filter>
    <Filter Include="Main">
      <UniqueIdentifier>{4FC737F1-C7A5-4376-A066-2A32D752A2FF}</UniqueIdentifier>
      <Extensions>cpp;c;cc;cxx;c++;cppm;ixx;def;odl;idl;hpj;bat;asm;asmx</Extensions>
    </Filter>
    <Filter Include="Logic">
      <UniqueIdentifier>{93995380-89BD-4b04-88EB-625FBE52EBFB}</UniqueIdentifier>
      <Extensions>h;hh;hpp;hxx;h++;hm;inl;inc;ipp;xsd</Extensions>
    </Filter>
  </ItemGroup>
  <ItemGroup>
    <ClInclude Include="TurnChess\Entity\Item\castle.h">
      <Filter>Entity\Item</Filter>
    </ClInclude>
    <ClInclude Include="TurnChess\Entity\Item\barrier.h">
      <Filter>Entity\Item</Filter>
    </ClInclude>
    <ClInclude Include="TurnChess\Entity\character.h">
      <Filter>Entity</Filter>
    </ClInclude>
    <ClInclude Include="TurnChess\Entity\Character\enemy.h">
      <Filter>Entity\Character</Filter>
    </ClInclude>
    <ClInclude Include="TurnChess\Entity\entity.h">
      <Filter>Entity</Filter>
    </ClInclude>
    <ClInclude Include="TurnChess\Entity\Item\grid.h">
      <Filter>Entity\Item</Filter>
    </ClInclude>
    <ClInclude Include="TurnChess\Entity\item.h">
      <Filter>Entity</Filter>
    </ClInclude>
    <ClInclude Include="TurnChess\Entity\Character\player.h">
      <Filter>Entity\Character</Filter>
    </ClInclude>
    <ClInclude Include="TurnChess\Entity\Character\skill.h.old">
      <Filter>Entity\Character</Filter>
    </ClInclude>
    <ClInclude Include="TurnChess\runtime.h">
      <Filter>Main</Filter>
    </ClInclude>
    <ClInclude Include="TurnChess\Logic\act_list.h">
      <Filter>Logic</Filter>
    </ClInclude>
    <ClInclude Include="TurnChess\Logic\utils.h">
      <Filter>Logic</Filter>
    </ClInclude>
    <ClInclude Include="TurnChess\Logic\chessboard.h">
      <Filter>Logic</Filter>
    </ClInclude>
    <ClInclude Include="TurnChess\Entity\Character\players.h">
      <Filter>Entity\Character</Filter>
    </ClInclude>
  </ItemGroup>
  <ItemGroup>
    <ClCompile Include="TurnChess\main.cpp">
      <Filter>Main</Filter>
    </ClCompile>
    <ClCompile Include="TurnChess\Entity\Character\enemy.cpp">
      <Filter>Entity\Character</Filter>
    </ClCompile>
    <ClCompile Include="TurnChess\Entity\Character\player.cpp">
      <Filter>Entity\Character</Filter>
    </ClCompile>
    <ClCompile Include="TurnChess\Entity\Item\castle.cpp">
      <Filter>Entity\Item</Filter>
    </ClCompile>
    <ClCompile Include="TurnChess\Entity\character.cpp">
      <Filter>Entity</Filter>
    </ClCompile>
    <ClCompile Include="TurnChess\Logic\act_list.cpp">
      <Filter>Logic</Filter>
    </ClCompile>
    <ClCompile Include="TurnChess\Logic\chessboard.cpp">
      <Filter>Logic</Filter>
    </ClCompile>
    <ClCompile Include="TurnChess\Logic\utils.cpp">
      <Filter>Logic</Filter>
    </ClCompile>
    <ClCompile Include="TurnChess\Entity\Character\players.cpp">
      <Filter>Entity\Character</Filter>
    </ClCompile>
  </ItemGroup>
</Project>